// !$*UTF8*$!
{
	archiveVersion = 1;
	classes = {
	};
	objectVersion = 77;
	objects = {

/* Begin PBXContainerItemProxy section */
		601135C82EDA0D1C002C1CFD /* PBXContainerItemProxy */ = {
			isa = PBXContainerItemProxy;
			containerPortal = 601135B22EDA0D19002C1CFD /* Project object */;
			proxyType = 1;
			remoteGlobalIDString = 601135B92EDA0D19002C1CFD;
			remoteInfo = filmfreaks;
		};
		601135D22EDA0D1C002C1CFD /* PBXContainerItemProxy */ = {
			isa = PBXContainerItemProxy;
			containerPortal = 601135B22EDA0D19002C1CFD /* Project object */;
			proxyType = 1;
			remoteGlobalIDString = 601135B92EDA0D19002C1CFD;
			remoteInfo = filmfreaks;
		};
/* End PBXContainerItemProxy section */

/* Begin PBXFileReference section */
		601135BA2EDA0D19002C1CFD /* filmfreaks.app */ = {isa = PBXFileReference; explicitFileType = wrapper.application; includeInIndex = 0; path = filmfreaks.app; sourceTree = BUILT_PRODUCTS_DIR; };
		601135C72EDA0D1C002C1CFD /* filmfreaksTests.xctest */ = {isa = PBXFileReference; explicitFileType = wrapper.cfbundle; includeInIndex = 0; path = filmfreaksTests.xctest; sourceTree = BUILT_PRODUCTS_DIR; };
		601135D12EDA0D1C002C1CFD /* filmfreaksUITests.xctest */ = {isa = PBXFileReference; explicitFileType = wrapper.cfbundle; includeInIndex = 0; path = filmfreaksUITests.xctest; sourceTree = BUILT_PRODUCTS_DIR; };
		6011360F2EDAEAE0002C1CFD /* Untitled.swift */ = {isa = PBXFileReference; lastKnownFileType = sourcecode.swift; path = Untitled.swift; sourceTree = "<group>"; };
/* End PBXFileReference section */

/* Begin PBXFileSystemSynchronizedBuildFileExceptionSet section */
		602F16F42F0148DB00E84C9C /* Exceptions for "filmfreaks" folder in "filmfreaks" target */ = {
			isa = PBXFileSystemSynchronizedBuildFileExceptionSet;
			membershipExceptions = (
				Info.plist,
			);
			target = 601135B92EDA0D19002C1CFD /* filmfreaks */;
		};
/* End PBXFileSystemSynchronizedBuildFileExceptionSet section */

/* Begin PBXFileSystemSynchronizedRootGroup section */
		601135BC2EDA0D19002C1CFD /* filmfreaks */ = {
			isa = PBXFileSystemSynchronizedRootGroup;
			exceptions = (
				602F16F42F0148DB00E84C9C /* Exceptions for "filmfreaks" folder in "filmfreaks" target */,
			);
			path = filmfreaks;
			sourceTree = "<group>";
		};
		601135CA2EDA0D1C002C1CFD /* filmfreaksTests */ = {
			isa = PBXFileSystemSynchronizedRootGroup;
			path = filmfreaksTests;
			sourceTree = "<group>";
		};
		601135D42EDA0D1C002C1CFD /* filmfreaksUITests */ = {
			isa = PBXFileSystemSynchronizedRootGroup;
			path = filmfreaksUITests;
			sourceTree = "<group>";
		};
/* End PBXFileSystemSynchronizedRootGroup section */

/* Begin PBXFrameworksBuildPhase section */
		601135B72EDA0D19002C1CFD /* Frameworks */ = {
			isa = PBXFrameworksBuildPhase;
			buildActionMask = 2147483647;
			files = (
			);
			runOnlyForDeploymentPostprocessing = 0;
		};
		601135C42EDA0D1C002C1CFD /* Frameworks */ = {
			isa = PBXFrameworksBuildPhase;
			buildActionMask = 2147483647;
			files = (
			);
			runOnlyForDeploymentPostprocessing = 0;
		};
		601135CE2EDA0D1C002C1CFD /* Frameworks */ = {
			isa = PBXFrameworksBuildPhase;
			buildActionMask = 2147483647;
			files = (
			);
			runOnlyForDeploymentPostprocessing = 0;
		};
/* End PBXFrameworksBuildPhase section */

/* Begin PBXGroup section */
		601135B12EDA0D19002C1CFD = {
			isa = PBXGroup;
			children = (
				601135BC2EDA0D19002C1CFD /* filmfreaks */,
				601135CA2EDA0D1C002C1CFD /* filmfreaksTests */,
				601135D42EDA0D1C002C1CFD /* filmfreaksUITests */,
				601135BB2EDA0D19002C1CFD /* Products */,
				6011360F2EDAEAE0002C1CFD /* Untitled.swift */,
			);
			sourceTree = "<group>";
		};
		601135BB2EDA0D19002C1CFD /* Products */ = {
			isa = PBXGroup;
			children = (
				601135BA2EDA0D19002C1CFD /* filmfreaks.app */,
				601135C72EDA0D1C002C1CFD /* filmfreaksTests.xctest */,
				601135D12EDA0D1C002C1CFD /* filmfreaksUITests.xctest */,
			);
			name = Products;
			sourceTree = "<group>";
		};
/* End PBXGroup section */

/* Begin PBXNativeTarget section */
		601135B92EDA0D19002C1CFD /* filmfreaks */ = {
			isa = PBXNativeTarget;
			buildConfigurationList = 601135DB2EDA0D1C002C1CFD /* Build configuration list for PBXNativeTarget "filmfreaks" */;
			buildPhases = (
				601135B62EDA0D19002C1CFD /* Sources */,
				601135B72EDA0D19002C1CFD /* Frameworks */,
				601135B82EDA0D19002C1CFD /* Resources */,
			);
			buildRules = (
			);
			dependencies = (
			);
			fileSystemSynchronizedGroups = (
				601135BC2EDA0D19002C1CFD /* filmfreaks */,
			);
			name = filmfreaks;
			packageProductDependencies = (
			);
			productName = filmfreaks;
			productReference = 601135BA2EDA0D19002C1CFD /* filmfreaks.app */;
			productType = "com.apple.product-type.application";
		};
		601135C62EDA0D1C002C1CFD /* filmfreaksTests */ = {
			isa = PBXNativeTarget;
			buildConfigurationList = 601135DE2EDA0D1C002C1CFD /* Build configuration list for PBXNativeTarget "filmfreaksTests" */;
			buildPhases = (
				601135C32EDA0D1C002C1CFD /* Sources */,
				601135C42EDA0D1C002C1CFD /* Frameworks */,
				601135C52EDA0D1C002C1CFD /* Resources */,
			);
			buildRules = (
			);
			dependencies = (
				601135C92EDA0D1C002C1CFD /* PBXTargetDependency */,
			);
			fileSystemSynchronizedGroups = (
				601135CA2EDA0D1C002C1CFD /* filmfreaksTests */,
			);
			name = filmfreaksTests;
			packageProductDependencies = (
			);
			productName = filmfreaksTests;
			productReference = 601135C72EDA0D1C002C1CFD /* filmfreaksTests.xctest */;
			productType = "com.apple.product-type.bundle.unit-test";
		};
		601135D02EDA0D1C002C1CFD /* filmfreaksUITests */ = {
			isa = PBXNativeTarget;
			buildConfigurationList = 601135E12EDA0D1C002C1CFD /* Build configuration list for PBXNativeTarget "filmfreaksUITests" */;
			buildPhases = (
				601135CD2EDA0D1C002C1CFD /* Sources */,
				601135CE2EDA0D1C002C1CFD /* Frameworks */,
				601135CF2EDA0D1C002C1CFD /* Resources */,
			);
			buildRules = (
			);
			dependencies = (
				601135D32EDA0D1C002C1CFD /* PBXTargetDependency */,
			);
			fileSystemSynchronizedGroups = (
				601135D42EDA0D1C002C1CFD /* filmfreaksUITests */,
			);
			name = filmfreaksUITests;
			packageProductDependencies = (
			);
			productName = filmfreaksUITests;
			productReference = 601135D12EDA0D1C002C1CFD /* filmfreaksUITests.xctest */;
			productType = "com.apple.product-type.bundle.ui-testing";
		};
/* End PBXNativeTarget section */

/* Begin PBXProject section */
		601135B22EDA0D19002C1CFD /* Project object */ = {
			isa = PBXProject;
			attributes = {
				BuildIndependentTargetsInParallel = 1;
				LastSwiftUpdateCheck = 2600;
				LastUpgradeCheck = 2600;
				TargetAttributes = {
					601135B92EDA0D19002C1CFD = {
						CreatedOnToolsVersion = 26.0;
					};
					601135C62EDA0D1C002C1CFD = {
						CreatedOnToolsVersion = 26.0;
						TestTargetID = 601135B92EDA0D19002C1CFD;
					};
					601135D02EDA0D1C002C1CFD = {
						CreatedOnToolsVersion = 26.0;
						TestTargetID = 601135B92EDA0D19002C1CFD;
					};
				};
			};
			buildConfigurationList = 601135B52EDA0D19002C1CFD /* Build configuration list for PBXProject "filmfreaks" */;
			developmentRegion = en;
			hasScannedForEncodings = 0;
			knownRegions = (
				en,
				Base,
			);
			mainGroup = 601135B12EDA0D19002C1CFD;
			minimizedProjectReferenceProxies = 1;
			preferredProjectObjectVersion = 77;
			productRefGroup = 601135BB2EDA0D19002C1CFD /* Products */;
			projectDirPath = "";
			projectRoot = "";
			targets = (
				601135B92EDA0D19002C1CFD /* filmfreaks */,
				601135C62EDA0D1C002C1CFD /* filmfreaksTests */,
				601135D02EDA0D1C002C1CFD /* filmfreaksUITests */,
			);
		};
/* End PBXProject section */

/* Begin PBXResourcesBuildPhase section */
		601135B82EDA0D19002C1CFD /* Resources */ = {
			isa = PBXResourcesBuildPhase;
			buildActionMask = 2147483647;
			files = (
			);
			runOnlyForDeploymentPostprocessing = 0;
		};
		601135C52EDA0D1C002C1CFD /* Resources */ = {
			isa = PBXResourcesBuildPhase;
			buildActionMask = 2147483647;
			files = (
			);
			runOnlyForDeploymentPostprocessing = 0;
		};
		601135CF2EDA0D1C002C1CFD /* Resources */ = {
			isa = PBXResourcesBuildPhase;
			buildActionMask = 2147483647;
			files = (
			);
			runOnlyForDeploymentPostprocessing = 0;
		};
/* End PBXResourcesBuildPhase section */

/* Begin PBXSourcesBuildPhase section */
		601135B62EDA0D19002C1CFD /* Sources */ = {
			isa = PBXSourcesBuildPhase;
			buildActionMask = 2147483647;
			files = (
			);
			runOnlyForDeploymentPostprocessing = 0;
		};
		601135C32EDA0D1C002C1CFD /* Sources */ = {
			isa = PBXSourcesBuildPhase;
			buildActionMask = 2147483647;
			files = (
			);
			runOnlyForDeploymentPostprocessing = 0;
		};
		601135CD2EDA0D1C002C1CFD /* Sources */ = {
			isa = PBXSourcesBuildPhase;
			buildActionMask = 2147483647;
			files = (
			);
			runOnlyForDeploymentPostprocessing = 0;
		};
/* End PBXSourcesBuildPhase section */

/* Begin PBXTargetDependency section */
		601135C92EDA0D1C002C1CFD /* PBXTargetDependency */ = {
			isa = PBXTargetDependency;
			target = 601135B92EDA0D19002C1CFD /* filmfreaks */;
			targetProxy = 601135C82EDA0D1C002C1CFD /* PBXContainerItemProxy */;
		};
		601135D32EDA0D1C002C1CFD /* PBXTargetDependency */ = {
			isa = PBXTargetDependency;
			target = 601135B92EDA0D19002C1CFD /* filmfreaks */;
			targetProxy = 601135D22EDA0D1C002C1CFD /* PBXContainerItemProxy */;
		};
/* End PBXTargetDependency section */

/* Begin XCBuildConfiguration section */
		601135D92EDA0D1C002C1CFD /* Debug */ = {
			isa = XCBuildConfiguration;
			baseConfigurationReferenceAnchor = 601135BC2EDA0D19002C1CFD /* filmfreaks */;
			baseConfigurationReferenceRelativePath = Debug.xcconfig;
			buildSettings = {
				ALWAYS_SEARCH_USER_PATHS = NO;
				ASSETCATALOG_COMPILER_GENERATE_SWIFT_ASSET_SYMBOL_EXTENSIONS = YES;
				CLANG_ANALYZER_NONNULL = YES;
				CLANG_ANALYZER_NUMBER_OBJECT_CONVERSION = YES_AGGRESSIVE;
				CLANG_CXX_LANGUAGE_STANDARD = "gnu++20";
				CLANG_ENABLE_MODULES = YES;
				CLANG_ENABLE_OBJC_ARC = YES;
				CLANG_ENABLE_OBJC_WEAK = YES;
				CLANG_WARN_BLOCK_CAPTURE_AUTORELEASING = YES;
				CLANG_WARN_BOOL_CONVERSION = YES;
				CLANG_WARN_COMMA = YES;
				CLANG_WARN_CONSTANT_CONVERSION = YES;
				CLANG_WARN_DEPRECATED_OBJC_IMPLEMENTATIONS = YES;
				CLANG_WARN_DIRECT_OBJC_ISA_USAGE = YES_ERROR;
				CLANG_WARN_DOCUMENTATION_COMMENTS = YES;
				CLANG_WARN_EMPTY_BODY = YES;
				CLANG_WARN_ENUM_CONVERSION = YES;
				CLANG_WARN_INFINITE_RECURSION = YES;
				CLANG_WARN_INT_CONVERSION = YES;
				CLANG_WARN_NON_LITERAL_NULL_CONVERSION = YES;
				CLANG_WARN_OBJC_IMPLICIT_RETAIN_SELF = YES;
				CLANG_WARN_OBJC_LITERAL_CONVERSION = YES;
				CLANG_WARN_OBJC_ROOT_CLASS = YES_ERROR;
				CLANG_WARN_QUOTED_INCLUDE_IN_FRAMEWORK_HEADER = YES;
				CLANG_WARN_RANGE_LOOP_ANALYSIS = YES;
				CLANG_WARN_STRICT_PROTOTYPES = YES;
				CLANG_WARN_SUSPICIOUS_MOVE = YES;
				CLANG_WARN_UNGUARDED_AVAILABILITY = YES_AGGRESSIVE;
				CLANG_WARN_UNREACHABLE_CODE = YES;
				CLANG_WARN__DUPLICATE_METHOD_MATCH = YES;
				COPY_PHASE_STRIP = NO;
				DEBUG_INFORMATION_FORMAT = dwarf;
				DEVELOPMENT_TEAM = HPJKAPZ8A3;
				ENABLE_STRICT_OBJC_MSGSEND = YES;
				ENABLE_TESTABILITY = YES;
				ENABLE_USER_SCRIPT_SANDBOXING = YES;
				GCC_C_LANGUAGE_STANDARD = gnu17;
				GCC_DYNAMIC_NO_PIC = NO;
				GCC_NO_COMMON_BLOCKS = YES;
				GCC_OPTIMIZATION_LEVEL = 0;
				GCC_PREPROCESSOR_DEFINITIONS = (
					"DEBUG=1",
					"$(inherited)",
				);
				GCC_WARN_64_TO_32_BIT_CONVERSION = YES;
				GCC_WARN_ABOUT_RETURN_TYPE = YES_ERROR;
				GCC_WARN_UNDECLARED_SELECTOR = YES;
				GCC_WARN_UNINITIALIZED_AUTOS = YES_AGGRESSIVE;
				GCC_WARN_UNUSED_FUNCTION = YES;
				GCC_WARN_UNUSED_VARIABLE = YES;
				IPHONEOS_DEPLOYMENT_TARGET = 26.0;
				LOCALIZATION_PREFERS_STRING_CATALOGS = YES;
				MTL_ENABLE_DEBUG_INFO = INCLUDE_SOURCE;
				MTL_FAST_MATH = YES;
				ONLY_ACTIVE_ARCH = YES;
				SDKROOT = iphoneos;
				SWIFT_ACTIVE_COMPILATION_CONDITIONS = "DEBUG $(inherited)";
				SWIFT_OPTIMIZATION_LEVEL = "-Onone";
			};
			name = Debug;
		};
		601135DA2EDA0D1C002C1CFD /* Release */ = {
			isa = XCBuildConfiguration;
			baseConfigurationReferenceAnchor = 601135BC2EDA0D19002C1CFD /* filmfreaks */;
			baseConfigurationReferenceRelativePath = Release.xcconfig;
			buildSettings = {
				ALWAYS_SEARCH_USER_PATHS = NO;
				ASSETCATALOG_COMPILER_GENERATE_SWIFT_ASSET_SYMBOL_EXTENSIONS = YES;
				CLANG_ANALYZER_NONNULL = YES;
				CLANG_ANALYZER_NUMBER_OBJECT_CONVERSION = YES_AGGRESSIVE;
				CLANG_CXX_LANGUAGE_STANDARD = "gnu++20";
				CLANG_ENABLE_MODULES = YES;
				CLANG_ENABLE_OBJC_ARC = YES;
				CLANG_ENABLE_OBJC_WEAK = YES;
				CLANG_WARN_BLOCK_CAPTURE_AUTORELEASING = YES;
				CLANG_WARN_BOOL_CONVERSION = YES;
				CLANG_WARN_COMMA = YES;
				CLANG_WARN_CONSTANT_CONVERSION = YES;
				CLANG_WARN_DEPRECATED_OBJC_IMPLEMENTATIONS = YES;
				CLANG_WARN_DIRECT_OBJC_ISA_USAGE = YES_ERROR;
				CLANG_WARN_DOCUMENTATION_COMMENTS = YES;
				CLANG_WARN_EMPTY_BODY = YES;
				CLANG_WARN_ENUM_CONVERSION = YES;
				CLANG_WARN_INFINITE_RECURSION = YES;
				CLANG_WARN_INT_CONVERSION = YES;
				CLANG_WARN_NON_LITERAL_NULL_CONVERSION = YES;
				CLANG_WARN_OBJC_IMPLICIT_RETAIN_SELF = YES;
				CLANG_WARN_OBJC_LITERAL_CONVERSION = YES;
				CLANG_WARN_OBJC_ROOT_CLASS = YES_ERROR;
				CLANG_WARN_QUOTED_INCLUDE_IN_FRAMEWORK_HEADER = YES;
				CLANG_WARN_RANGE_LOOP_ANALYSIS = YES;
				CLANG_WARN_STRICT_PROTOTYPES = YES;
				CLANG_WARN_SUSPICIOUS_MOVE = YES;
				CLANG_WARN_UNGUARDED_AVAILABILITY = YES_AGGRESSIVE;
				CLANG_WARN_UNREACHABLE_CODE = YES;
				CLANG_WARN__DUPLICATE_METHOD_MATCH = YES;
				COPY_PHASE_STRIP = NO;
				DEBUG_INFORMATION_FORMAT = "dwarf-with-dsym";
				DEVELOPMENT_TEAM = HPJKAPZ8A3;
				ENABLE_NS_ASSERTIONS = NO;
				ENABLE_STRICT_OBJC_MSGSEND = YES;
				ENABLE_USER_SCRIPT_SANDBOXING = YES;
				GCC_C_LANGUAGE_STANDARD = gnu17;
				GCC_NO_COMMON_BLOCKS = YES;
				GCC_WARN_64_TO_32_BIT_CONVERSION = YES;
				GCC_WARN_ABOUT_RETURN_TYPE = YES_ERROR;
				GCC_WARN_UNDECLARED_SELECTOR = YES;
				GCC_WARN_UNINITIALIZED_AUTOS = YES_AGGRESSIVE;
				GCC_WARN_UNUSED_FUNCTION = YES;
				GCC_WARN_UNUSED_VARIABLE = YES;
				IPHONEOS_DEPLOYMENT_TARGET = 26.0;
				LOCALIZATION_PREFERS_STRING_CATALOGS = YES;
				MTL_ENABLE_DEBUG_INFO = NO;
				MTL_FAST_MATH = YES;
				SDKROOT = iphoneos;
				SWIFT_COMPILATION_MODE = wholemodule;
				VALIDATE_PRODUCT = YES;
			};
			name = Release;
		};
		601135DC2EDA0D1C002C1CFD /* Debug */ = {
			isa = XCBuildConfiguration;
			buildSettings = {
				ASSETCATALOG_COMPILER_APPICON_NAME = AppIcon;
				ASSETCATALOG_COMPILER_GLOBAL_ACCENT_COLOR_NAME = AccentColor;
				CODE_SIGN_ENTITLEMENTS = filmfreaks/filmfreaks.entitlements;
				CODE_SIGN_STYLE = Automatic;
				CURRENT_PROJECT_VERSION = 1;
				DEVELOPMENT_TEAM = HPJKAPZ8A3;
				ENABLE_PREVIEWS = YES;
				GENERATE_INFOPLIST_FILE = YES;
				INFOPLIST_FILE = filmfreaks/Info.plist;
				INFOPLIST_KEY_CFBundleDisplayName = "TMC - The Movie Club";
				INFOPLIST_KEY_LSApplicationCategoryType = "public.app-category.entertainment";
				INFOPLIST_KEY_NSCameraUsageDescription = "Die App benötigt Zugriff auf deine Kamera, um Filmtitel auf Covern zu erkennen.";
				INFOPLIST_KEY_UIApplicationSceneManifest_Generation = YES;
				INFOPLIST_KEY_UIApplicationSupportsIndirectInputEvents = YES;
				INFOPLIST_KEY_UILaunchScreen_Generation = YES;
				INFOPLIST_KEY_UISupportedInterfaceOrientations_iPad = "UIInterfaceOrientationPortrait UIInterfaceOrientationPortraitUpsideDown UIInterfaceOrientationLandscapeLeft UIInterfaceOrientationLandscapeRight";
				INFOPLIST_KEY_UISupportedInterfaceOrientations_iPhone = "UIInterfaceOrientationPortrait UIInterfaceOrientationLandscapeLeft UIInterfaceOrientationLandscapeRight";
				LD_RUNPATH_SEARCH_PATHS = (
					"$(inherited)",
					"@executable_path/Frameworks",
				);
				MARKETING_VERSION = 1.0.8;
				PRODUCT_BUNDLE_IDENTIFIER = de.marcfechner.filmfreaks;
				PRODUCT_NAME = "$(TARGET_NAME)";
				STRING_CATALOG_GENERATE_SYMBOLS = YES;
				SUPPORTED_PLATFORMS = "iphoneos iphonesimulator";
				SUPPORTS_MACCATALYST = NO;
				SUPPORTS_MAC_DESIGNED_FOR_IPHONE_IPAD = NO;
				SUPPORTS_XR_DESIGNED_FOR_IPHONE_IPAD = NO;
				SWIFT_APPROACHABLE_CONCURRENCY = YES;
				SWIFT_DEFAULT_ACTOR_ISOLATION = MainActor;
				SWIFT_EMIT_LOC_STRINGS = YES;
				SWIFT_UPCOMING_FEATURE_MEMBER_IMPORT_VISIBILITY = YES;
				SWIFT_VERSION = 5.0;
				TARGETED_DEVICE_FAMILY = "1,2";
			};
			name = Debug;
		};
		601135DD2EDA0D1C002C1CFD /* Release */ = {
			isa = XCBuildConfiguration;
			buildSettings = {
				ASSETCATALOG_COMPILER_APPICON_NAME = AppIcon;
				ASSETCATALOG_COMPILER_GLOBAL_ACCENT_COLOR_NAME = AccentColor;
				CODE_SIGN_ENTITLEMENTS = filmfreaks/filmfreaks.entitlements;
				CODE_SIGN_STYLE = Automatic;
				CURRENT_PROJECT_VERSION = 1;
				DEVELOPMENT_TEAM = HPJKAPZ8A3;
				ENABLE_PREVIEWS = YES;
				GENERATE_INFOPLIST_FILE = YES;
				INFOPLIST_FILE = filmfreaks/Info.plist;
				INFOPLIST_KEY_CFBundleDisplayName = "TMC - The Movie Club";
				INFOPLIST_KEY_LSApplicationCategoryType = "public.app-category.entertainment";
				INFOPLIST_KEY_NSCameraUsageDescription = "Die App benötigt Zugriff auf deine Kamera, um Filmtitel auf Covern zu erkennen.";
				INFOPLIST_KEY_UIApplicationSceneManifest_Generation = YES;
				INFOPLIST_KEY_UIApplicationSupportsIndirectInputEvents = YES;
				INFOPLIST_KEY_UILaunchScreen_Generation = YES;
				INFOPLIST_KEY_UISupportedInterfaceOrientations_iPad = "UIInterfaceOrientationPortrait UIInterfaceOrientationPortraitUpsideDown UIInterfaceOrientationLandscapeLeft UIInterfaceOrientationLandscapeRight";
				INFOPLIST_KEY_UISupportedInterfaceOrientations_iPhone = "UIInterfaceOrientationPortrait UIInterfaceOrientationLandscapeLeft UIInterfaceOrientationLandscapeRight";
				LD_RUNPATH_SEARCH_PATHS = (
					"$(inherited)",
					"@executable_path/Frameworks",
				);
				MARKETING_VERSION = 1.0.8;
				PRODUCT_BUNDLE_IDENTIFIER = de.marcfechner.filmfreaks;
				PRODUCT_NAME = "$(TARGET_NAME)";
				STRING_CATALOG_GENERATE_SYMBOLS = YES;
				SUPPORTED_PLATFORMS = "iphoneos iphonesimulator";
				SUPPORTS_MACCATALYST = NO;
				SUPPORTS_MAC_DESIGNED_FOR_IPHONE_IPAD = NO;
				SUPPORTS_XR_DESIGNED_FOR_IPHONE_IPAD = NO;
				SWIFT_APPROACHABLE_CONCURRENCY = YES;
				SWIFT_DEFAULT_ACTOR_ISOLATION = MainActor;
				SWIFT_EMIT_LOC_STRINGS = YES;
				SWIFT_UPCOMING_FEATURE_MEMBER_IMPORT_VISIBILITY = YES;
				SWIFT_VERSION = 5.0;
				TARGETED_DEVICE_FAMILY = "1,2";
			};
			name = Release;
		};
		601135DF2EDA0D1C002C1CFD /* Debug */ = {
			isa = XCBuildConfiguration;
			buildSettings = {
				BUNDLE_LOADER = "$(TEST_HOST)";
				CODE_SIGN_STYLE = Automatic;
				CURRENT_PROJECT_VERSION = 1;
				DEVELOPMENT_TEAM = HPJKAPZ8A3;
				GENERATE_INFOPLIST_FILE = YES;
				IPHONEOS_DEPLOYMENT_TARGET = 26.0;
				MARKETING_VERSION = 1.0;
				PRODUCT_BUNDLE_IDENTIFIER = de.marcfechner.filmfreaksTests;
				PRODUCT_NAME = "$(TARGET_NAME)";
				STRING_CATALOG_GENERATE_SYMBOLS = NO;
				SWIFT_APPROACHABLE_CONCURRENCY = YES;
				SWIFT_EMIT_LOC_STRINGS = NO;
				SWIFT_UPCOMING_FEATURE_MEMBER_IMPORT_VISIBILITY = YES;
				SWIFT_VERSION = 5.0;
				TARGETED_DEVICE_FAMILY = "1,2";
				TEST_HOST = "$(BUILT_PRODUCTS_DIR)/filmfreaks.app/$(BUNDLE_EXECUTABLE_FOLDER_PATH)/filmfreaks";
			};
			name = Debug;
		};
		601135E02EDA0D1C002C1CFD /* Release */ = {
			isa = XCBuildConfiguration;
			buildSettings = {
				BUNDLE_LOADER = "$(TEST_HOST)";
				CODE_SIGN_STYLE = Automatic;
				CURRENT_PROJECT_VERSION = 1;
				DEVELOPMENT_TEAM = HPJKAPZ8A3;
				GENERATE_INFOPLIST_FILE = YES;
				IPHONEOS_DEPLOYMENT_TARGET = 26.0;
				MARKETING_VERSION = 1.0;
				PRODUCT_BUNDLE_IDENTIFIER = de.marcfechner.filmfreaksTests;
				PRODUCT_NAME = "$(TARGET_NAME)";
				STRING_CATALOG_GENERATE_SYMBOLS = NO;
				SWIFT_APPROACHABLE_CONCURRENCY = YES;
				SWIFT_EMIT_LOC_STRINGS = NO;
				SWIFT_UPCOMING_FEATURE_MEMBER_IMPORT_VISIBILITY = YES;
				SWIFT_VERSION = 5.0;
				TARGETED_DEVICE_FAMILY = "1,2";
				TEST_HOST = "$(BUILT_PRODUCTS_DIR)/filmfreaks.app/$(BUNDLE_EXECUTABLE_FOLDER_PATH)/filmfreaks";
			};
			name = Release;
		};
		601135E22EDA0D1C002C1CFD /* Debug */ = {
			isa = XCBuildConfiguration;
			buildSettings = {
				CODE_SIGN_STYLE = Automatic;
				CURRENT_PROJECT_VERSION = 1;
				DEVELOPMENT_TEAM = HPJKAPZ8A3;
				GENERATE_INFOPLIST_FILE = YES;
				MARKETING_VERSION = 1.0;
				PRODUCT_BUNDLE_IDENTIFIER = de.marcfechner.filmfreaksUITests;
				PRODUCT_NAME = "$(TARGET_NAME)";
				STRING_CATALOG_GENERATE_SYMBOLS = NO;
				SWIFT_APPROACHABLE_CONCURRENCY = YES;
				SWIFT_EMIT_LOC_STRINGS = NO;
				SWIFT_UPCOMING_FEATURE_MEMBER_IMPORT_VISIBILITY = YES;
				SWIFT_VERSION = 5.0;
				TARGETED_DEVICE_FAMILY = "1,2";
				TEST_TARGET_NAME = filmfreaks;
			};
			name = Debug;
		};
		601135E32EDA0D1C002C1CFD /* Release */ = {
			isa = XCBuildConfiguration;
			buildSettings = {
				CODE_SIGN_STYLE = Automatic;
				CURRENT_PROJECT_VERSION = 1;
				DEVELOPMENT_TEAM = HPJKAPZ8A3;
				GENERATE_INFOPLIST_FILE = YES;
				MARKETING_VERSION = 1.0;
				PRODUCT_BUNDLE_IDENTIFIER = de.marcfechner.filmfreaksUITests;
				PRODUCT_NAME = "$(TARGET_NAME)";
				STRING_CATALOG_GENERATE_SYMBOLS = NO;
				SWIFT_APPROACHABLE_CONCURRENCY = YES;
				SWIFT_EMIT_LOC_STRINGS = NO;
				SWIFT_UPCOMING_FEATURE_MEMBER_IMPORT_VISIBILITY = YES;
				SWIFT_VERSION = 5.0;
				TARGETED_DEVICE_FAMILY = "1,2";
				TEST_TARGET_NAME = filmfreaks;
			};
			name = Release;
		};
/* End XCBuildConfiguration section */

/* Begin XCConfigurationList section */
		601135B52EDA0D19002C1CFD /* Build configuration list for PBXProject "filmfreaks" */ = {
			isa = XCConfigurationList;
			buildConfigurations = (
				601135D92EDA0D1C002C1CFD /* Debug */,
				601135DA2EDA0D1C002C1CFD /* Release */,
			);
			defaultConfigurationIsVisible = 0;
			defaultConfigurationName = Release;
		};
		601135DB2EDA0D1C002C1CFD /* Build configuration list for PBXNativeTarget "filmfreaks" */ = {
			isa = XCConfigurationList;
			buildConfigurations = (
				601135DC2EDA0D1C002C1CFD /* Debug */,
				601135DD2EDA0D1C002C1CFD /* Release */,
			);
			defaultConfigurationIsVisible = 0;
			defaultConfigurationName = Release;
		};
		601135DE2EDA0D1C002C1CFD /* Build configuration list for PBXNativeTarget "filmfreaksTests" */ = {
			isa = XCConfigurationList;
			buildConfigurations = (
				601135DF2EDA0D1C002C1CFD /* Debug */,
				601135E02EDA0D1C002C1CFD /* Release */,
			);
			defaultConfigurationIsVisible = 0;
			defaultConfigurationName = Release;
		};
		601135E12EDA0D1C002C1CFD /* Build configuration list for PBXNativeTarget "filmfreaksUITests" */ = {
			isa = XCConfigurationList;
			buildConfigurations = (
				601135E22EDA0D1C002C1CFD /* Debug */,
				601135E32EDA0D1C002C1CFD /* Release */,
			);
			defaultConfigurationIsVisible = 0;
			defaultConfigurationName = Release;
		};
/* End XCConfigurationList section */
	};
	rootObject = 601135B22EDA0D19002C1CFD /* Project object */;
}
